
Microsoft Visual Studio Solution File, Format Version 12.00
# Visual Studio Version 16
VisualStudioVersion = 16.0.29318.209
MinimumVisualStudioVersion = 10.0.40219.1
Project("{9A19103F-16F7-4668-BE54-9A1E7A4F7556}") = "Crypton.TerraformStateService", "Crypton.TerraformStateService\Crypton.TerraformStateService.csproj", "{EE68B967-9EF9-499B-9238-5A87ED837CEA}"
EndProject
Global
	GlobalSection(SolutionConfigurationPlatforms) = preSolution
		Debug|Any CPU = Debug|Any CPU
		Release|Any CPU = Release|Any CPU
	EndGlobalSection
	GlobalSection(ProjectConfigurationPlatforms) = postSolution
		{EE68B967-9EF9-499B-9238-5A87ED837CEA}.Debug|Any CPU.ActiveCfg = Debug|Any CPU
		{EE68B967-9EF9-499B-9238-5A87ED837CEA}.Debug|Any CPU.Build.0 = Debug|Any CPU
		{EE68B967-9EF9-499B-9238-5A87ED837CEA}.Release|Any CPU.ActiveCfg = Release|Any CPU
		{EE68B967-9EF9-499B-9238-5A87ED837CEA}.Release|Any CPU.Build.0 = Release|Any CPU
	EndGlobalSection
	GlobalSection(SolutionProperties) = preSolution
		HideSolutionNode = FALSE
	EndGlobalSection
	GlobalSection(ExtensibilityGlobals) = postSolution
		SolutionGuid = {61CBB475-B358-4B36-B525-9DDDF17A211D}
	EndGlobalSection
EndGlobal
